
Microsoft Visual Studio Solution File, Format Version 12.00
# Visual Studio 15
VisualStudioVersion = 15.0.26730.15
MinimumVisualStudioVersion = 10.0.40219.1
Project("{2150E333-8FDC-42A3-9474-1A3956D46DE8}") = "Solution Items", "Solution Items", "{47D973CB-4F14-4011-9042-EC71E3D1CE4D}"
	ProjectSection(SolutionItems) = preProject
		appveyor.yml = appveyor.yml
		NuGet.Config = NuGet.Config
		README.md = README.md
	EndProjectSection
EndProject
Project("{FAE04EC0-301F-11D3-BF4B-00C04F79EFBC}") = "toofz.NecroDancer.Data", "toofz.NecroDancer.Data\toofz.NecroDancer.Data.csproj", "{74A190F2-9A35-422D-86B9-CC97710F03D3}"
EndProject
Project("{FAE04EC0-301F-11D3-BF4B-00C04F79EFBC}") = "toofz.NecroDancer.Data.Tests", "toofz.NecroDancer.Data.Tests\toofz.NecroDancer.Data.Tests.csproj", "{7F06244D-47BC-422F-9FFB-27DB67AFE20D}"
EndProject
Global
	GlobalSection(SolutionConfigurationPlatforms) = preSolution
		Debug|Any CPU = Debug|Any CPU
		Release|Any CPU = Release|Any CPU
	EndGlobalSection
	GlobalSection(ProjectConfigurationPlatforms) = postSolution
		{74A190F2-9A35-422D-86B9-CC97710F03D3}.Debug|Any CPU.ActiveCfg = Debug|Any CPU
		{74A190F2-9A35-422D-86B9-CC97710F03D3}.Debug|Any CPU.Build.0 = Debug|Any CPU
		{74A190F2-9A35-422D-86B9-CC97710F03D3}.Release|Any CPU.ActiveCfg = Release|Any CPU
		{74A190F2-9A35-422D-86B9-CC97710F03D3}.Release|Any CPU.Build.0 = Release|Any CPU
		{7F06244D-47BC-422F-9FFB-27DB67AFE20D}.Debug|Any CPU.ActiveCfg = Debug|Any CPU
		{7F06244D-47BC-422F-9FFB-27DB67AFE20D}.Debug|Any CPU.Build.0 = Debug|Any CPU
		{7F06244D-47BC-422F-9FFB-27DB67AFE20D}.Release|Any CPU.ActiveCfg = Release|Any CPU
		{7F06244D-47BC-422F-9FFB-27DB67AFE20D}.Release|Any CPU.Build.0 = Release|Any CPU
	EndGlobalSection
	GlobalSection(SolutionProperties) = preSolution
		HideSolutionNode = FALSE
	EndGlobalSection
	GlobalSection(ExtensibilityGlobals) = postSolution
		SolutionGuid = {118EF4D4-0B4E-400E-9230-48DA065C113E}
	EndGlobalSection
EndGlobal
