
Microsoft Visual Studio Solution File, Format Version 12.00
# Visual Studio 15
VisualStudioVersion = 15.0.27130.2003
MinimumVisualStudioVersion = 10.0.40219.1
Project("{2150E333-8FDC-42A3-9474-1A3956D46DE8}") = "Solution Items", "Solution Items", "{47D973CB-4F14-4011-9042-EC71E3D1CE4D}"
	ProjectSection(SolutionItems) = preProject
		appveyor.yml = appveyor.yml
		NuGet.Config = NuGet.Config
		README.md = README.md
	EndProjectSection
EndProject
Project("{9A19103F-16F7-4668-BE54-9A1E7A4F7556}") = "toofz.Data", "toofz.Data\toofz.Data.csproj", "{1B51F504-CC62-492E-AA83-0EC3875A84EF}"
EndProject
Project("{9A19103F-16F7-4668-BE54-9A1E7A4F7556}") = "toofz.Data.Leaderboards", "toofz.Data.Leaderboards\toofz.Data.Leaderboards.csproj", "{0074DBD8-59A7-458C-88E3-6B5F35E28099}"
EndProject
Project("{9A19103F-16F7-4668-BE54-9A1E7A4F7556}") = "toofz.Data.Leaderboards.Tests", "toofz.Data.Leaderboards.Tests\toofz.Data.Leaderboards.Tests.csproj", "{B73F29B7-84E9-439F-A44D-A48A90E807BB}"
EndProject
Project("{FAE04EC0-301F-11D3-BF4B-00C04F79EFBC}") = "toofz.Data.Leaderboards.LeaderboardsStoreClient", "toofz.Data.Leaderboards.LeaderboardsStoreClient\toofz.Data.Leaderboards.LeaderboardsStoreClient.csproj", "{9707C87A-9FE4-4523-A75D-E7617719433D}"
EndProject
Project("{FAE04EC0-301F-11D3-BF4B-00C04F79EFBC}") = "toofz.Data.Leaderboards.LeaderboardsStoreClient.Tests", "toofz.Data.Leaderboards.LeaderboardsStoreClient.Tests\toofz.Data.Leaderboards.LeaderboardsStoreClient.Tests.csproj", "{3E750B09-F12C-45CA-AED6-BCA86DAEABF0}"
EndProject
Project("{9A19103F-16F7-4668-BE54-9A1E7A4F7556}") = "toofz.Data.NecroDancer", "toofz.Data.NecroDancer\toofz.Data.NecroDancer.csproj", "{C259B14A-B442-4A8E-A660-54934A1BDDB0}"
EndProject
Project("{9A19103F-16F7-4668-BE54-9A1E7A4F7556}") = "toofz.Data.NecroDancer.Tests", "toofz.Data.NecroDancer.Tests\toofz.Data.NecroDancer.Tests.csproj", "{4BA630CF-AFAC-42EE-B607-EDD68BAECC09}"
EndProject
Project("{FAE04EC0-301F-11D3-BF4B-00C04F79EFBC}") = "toofz.Data.Leaderboards.Design", "toofz.Data.Leaderboards.Design\toofz.Data.Leaderboards.Design.csproj", "{AEE65E11-C7FF-4A12-BDAB-CD409D6EBB77}"
EndProject
Global
	GlobalSection(SolutionConfigurationPlatforms) = preSolution
		Debug|Any CPU = Debug|Any CPU
		Release|Any CPU = Release|Any CPU
	EndGlobalSection
	GlobalSection(ProjectConfigurationPlatforms) = postSolution
		{1B51F504-CC62-492E-AA83-0EC3875A84EF}.Debug|Any CPU.ActiveCfg = Debug|Any CPU
		{1B51F504-CC62-492E-AA83-0EC3875A84EF}.Debug|Any CPU.Build.0 = Debug|Any CPU
		{1B51F504-CC62-492E-AA83-0EC3875A84EF}.Release|Any CPU.ActiveCfg = Release|Any CPU
		{1B51F504-CC62-492E-AA83-0EC3875A84EF}.Release|Any CPU.Build.0 = Release|Any CPU
		{0074DBD8-59A7-458C-88E3-6B5F35E28099}.Debug|Any CPU.ActiveCfg = Debug|Any CPU
		{0074DBD8-59A7-458C-88E3-6B5F35E28099}.Debug|Any CPU.Build.0 = Debug|Any CPU
		{0074DBD8-59A7-458C-88E3-6B5F35E28099}.Release|Any CPU.ActiveCfg = Release|Any CPU
		{0074DBD8-59A7-458C-88E3-6B5F35E28099}.Release|Any CPU.Build.0 = Release|Any CPU
		{B73F29B7-84E9-439F-A44D-A48A90E807BB}.Debug|Any CPU.ActiveCfg = Debug|Any CPU
		{B73F29B7-84E9-439F-A44D-A48A90E807BB}.Debug|Any CPU.Build.0 = Debug|Any CPU
		{B73F29B7-84E9-439F-A44D-A48A90E807BB}.Release|Any CPU.ActiveCfg = Release|Any CPU
		{B73F29B7-84E9-439F-A44D-A48A90E807BB}.Release|Any CPU.Build.0 = Release|Any CPU
		{9707C87A-9FE4-4523-A75D-E7617719433D}.Debug|Any CPU.ActiveCfg = Debug|Any CPU
		{9707C87A-9FE4-4523-A75D-E7617719433D}.Debug|Any CPU.Build.0 = Debug|Any CPU
		{9707C87A-9FE4-4523-A75D-E7617719433D}.Release|Any CPU.ActiveCfg = Release|Any CPU
		{9707C87A-9FE4-4523-A75D-E7617719433D}.Release|Any CPU.Build.0 = Release|Any CPU
		{3E750B09-F12C-45CA-AED6-BCA86DAEABF0}.Debug|Any CPU.ActiveCfg = Debug|Any CPU
		{3E750B09-F12C-45CA-AED6-BCA86DAEABF0}.Debug|Any CPU.Build.0 = Debug|Any CPU
		{3E750B09-F12C-45CA-AED6-BCA86DAEABF0}.Release|Any CPU.ActiveCfg = Release|Any CPU
		{3E750B09-F12C-45CA-AED6-BCA86DAEABF0}.Release|Any CPU.Build.0 = Release|Any CPU
		{C259B14A-B442-4A8E-A660-54934A1BDDB0}.Debug|Any CPU.ActiveCfg = Debug|Any CPU
		{C259B14A-B442-4A8E-A660-54934A1BDDB0}.Debug|Any CPU.Build.0 = Debug|Any CPU
		{C259B14A-B442-4A8E-A660-54934A1BDDB0}.Release|Any CPU.ActiveCfg = Release|Any CPU
		{C259B14A-B442-4A8E-A660-54934A1BDDB0}.Release|Any CPU.Build.0 = Release|Any CPU
		{4BA630CF-AFAC-42EE-B607-EDD68BAECC09}.Debug|Any CPU.ActiveCfg = Debug|Any CPU
		{4BA630CF-AFAC-42EE-B607-EDD68BAECC09}.Debug|Any CPU.Build.0 = Debug|Any CPU
		{4BA630CF-AFAC-42EE-B607-EDD68BAECC09}.Release|Any CPU.ActiveCfg = Release|Any CPU
		{4BA630CF-AFAC-42EE-B607-EDD68BAECC09}.Release|Any CPU.Build.0 = Release|Any CPU
		{AEE65E11-C7FF-4A12-BDAB-CD409D6EBB77}.Debug|Any CPU.ActiveCfg = Debug|Any CPU
		{AEE65E11-C7FF-4A12-BDAB-CD409D6EBB77}.Debug|Any CPU.Build.0 = Debug|Any CPU
		{AEE65E11-C7FF-4A12-BDAB-CD409D6EBB77}.Release|Any CPU.ActiveCfg = Release|Any CPU
		{AEE65E11-C7FF-4A12-BDAB-CD409D6EBB77}.Release|Any CPU.Build.0 = Release|Any CPU
	EndGlobalSection
	GlobalSection(SolutionProperties) = preSolution
		HideSolutionNode = FALSE
	EndGlobalSection
	GlobalSection(ExtensibilityGlobals) = postSolution
		SolutionGuid = {118EF4D4-0B4E-400E-9230-48DA065C113E}
	EndGlobalSection
EndGlobal
