
Microsoft Visual Studio Solution File, Format Version 12.00
# Visual Studio 15
VisualStudioVersion = 15.0.27130.2003
MinimumVisualStudioVersion = 10.0.40219.1
Project("{2150E333-8FDC-42A3-9474-1A3956D46DE8}") = "Solution Items", "Solution Items", "{47D973CB-4F14-4011-9042-EC71E3D1CE4D}"
	ProjectSection(SolutionItems) = preProject
		appveyor.yml = appveyor.yml
		NuGet.Config = NuGet.Config
		README.md = README.md
	EndProjectSection
EndProject
Project("{9A19103F-16F7-4668-BE54-9A1E7A4F7556}") = "toofz.Data", "toofz.Data\toofz.Data.csproj", "{1B51F504-CC62-492E-AA83-0EC3875A84EF}"
EndProject
Project("{9A19103F-16F7-4668-BE54-9A1E7A4F7556}") = "toofz.Data.Core", "toofz.Data.Core\toofz.Data.Core.csproj", "{1F5B079D-D458-4B4E-A3AB-F4965F78D1E5}"
EndProject
Project("{9A19103F-16F7-4668-BE54-9A1E7A4F7556}") = "toofz.Data.Core.Tests", "toofz.Data.Core.Tests\toofz.Data.Core.Tests.csproj", "{D18195B8-50C4-4D8E-BF09-63EFB36DFE1E}"
EndProject
Project("{FAE04EC0-301F-11D3-BF4B-00C04F79EFBC}") = "toofz.Data.Core.Design", "toofz.Data.Core.Design\toofz.Data.Core.Design.csproj", "{AAE94256-5B04-46EC-B721-CC450B023BBE}"
EndProject
Project("{FAE04EC0-301F-11D3-BF4B-00C04F79EFBC}") = "toofz.Data.Leaderboards.LeaderboardsStoreClient", "toofz.Data.Leaderboards.LeaderboardsStoreClient\toofz.Data.Leaderboards.LeaderboardsStoreClient.csproj", "{9707C87A-9FE4-4523-A75D-E7617719433D}"
EndProject
Project("{FAE04EC0-301F-11D3-BF4B-00C04F79EFBC}") = "toofz.Data.Leaderboards.LeaderboardsStoreClient.Tests", "toofz.Data.Leaderboards.LeaderboardsStoreClient.Tests\toofz.Data.Leaderboards.LeaderboardsStoreClient.Tests.csproj", "{3E750B09-F12C-45CA-AED6-BCA86DAEABF0}"
EndProject
Global
	GlobalSection(SolutionConfigurationPlatforms) = preSolution
		Debug|Any CPU = Debug|Any CPU
		Release|Any CPU = Release|Any CPU
	EndGlobalSection
	GlobalSection(ProjectConfigurationPlatforms) = postSolution
		{1B51F504-CC62-492E-AA83-0EC3875A84EF}.Debug|Any CPU.ActiveCfg = Debug|Any CPU
		{1B51F504-CC62-492E-AA83-0EC3875A84EF}.Debug|Any CPU.Build.0 = Debug|Any CPU
		{1B51F504-CC62-492E-AA83-0EC3875A84EF}.Release|Any CPU.ActiveCfg = Release|Any CPU
		{1B51F504-CC62-492E-AA83-0EC3875A84EF}.Release|Any CPU.Build.0 = Release|Any CPU
		{1F5B079D-D458-4B4E-A3AB-F4965F78D1E5}.Debug|Any CPU.ActiveCfg = Debug|Any CPU
		{1F5B079D-D458-4B4E-A3AB-F4965F78D1E5}.Debug|Any CPU.Build.0 = Debug|Any CPU
		{1F5B079D-D458-4B4E-A3AB-F4965F78D1E5}.Release|Any CPU.ActiveCfg = Release|Any CPU
		{1F5B079D-D458-4B4E-A3AB-F4965F78D1E5}.Release|Any CPU.Build.0 = Release|Any CPU
		{D18195B8-50C4-4D8E-BF09-63EFB36DFE1E}.Debug|Any CPU.ActiveCfg = Debug|Any CPU
		{D18195B8-50C4-4D8E-BF09-63EFB36DFE1E}.Debug|Any CPU.Build.0 = Debug|Any CPU
		{D18195B8-50C4-4D8E-BF09-63EFB36DFE1E}.Release|Any CPU.ActiveCfg = Release|Any CPU
		{D18195B8-50C4-4D8E-BF09-63EFB36DFE1E}.Release|Any CPU.Build.0 = Release|Any CPU
		{AAE94256-5B04-46EC-B721-CC450B023BBE}.Debug|Any CPU.ActiveCfg = Debug|Any CPU
		{AAE94256-5B04-46EC-B721-CC450B023BBE}.Debug|Any CPU.Build.0 = Debug|Any CPU
		{AAE94256-5B04-46EC-B721-CC450B023BBE}.Release|Any CPU.ActiveCfg = Release|Any CPU
		{AAE94256-5B04-46EC-B721-CC450B023BBE}.Release|Any CPU.Build.0 = Release|Any CPU
		{9707C87A-9FE4-4523-A75D-E7617719433D}.Debug|Any CPU.ActiveCfg = Debug|Any CPU
		{9707C87A-9FE4-4523-A75D-E7617719433D}.Debug|Any CPU.Build.0 = Debug|Any CPU
		{9707C87A-9FE4-4523-A75D-E7617719433D}.Release|Any CPU.ActiveCfg = Release|Any CPU
		{9707C87A-9FE4-4523-A75D-E7617719433D}.Release|Any CPU.Build.0 = Release|Any CPU
		{3E750B09-F12C-45CA-AED6-BCA86DAEABF0}.Debug|Any CPU.ActiveCfg = Debug|Any CPU
		{3E750B09-F12C-45CA-AED6-BCA86DAEABF0}.Debug|Any CPU.Build.0 = Debug|Any CPU
		{3E750B09-F12C-45CA-AED6-BCA86DAEABF0}.Release|Any CPU.ActiveCfg = Release|Any CPU
		{3E750B09-F12C-45CA-AED6-BCA86DAEABF0}.Release|Any CPU.Build.0 = Release|Any CPU
	EndGlobalSection
	GlobalSection(SolutionProperties) = preSolution
		HideSolutionNode = FALSE
	EndGlobalSection
	GlobalSection(ExtensibilityGlobals) = postSolution
		SolutionGuid = {118EF4D4-0B4E-400E-9230-48DA065C113E}
	EndGlobalSection
EndGlobal
